{
  "name": "blow-dry",
  "version": "0.0.12",
  "lockfileVersion": 3,
  "requires": true,
  "packages": {
    "": {
      "name": "blow-dry",
      "version": "0.0.12",
      "license": "MIT",
      "dependencies": {
        "mount-observer": "0.0.102"
      },
      "devDependencies": {
        "ssi-server": "0.0.7"
      }
    },
    "node_modules/mount-observer": {
      "version": "0.0.102",
      "resolved": "https://registry.npmjs.org/mount-observer/-/mount-observer-0.0.102.tgz",
      "integrity": "sha512-nq10psatsKhYwe5Ps8shSmMwMxlpQCMQbOVVtCPWLDOgwtFnUwFmey8N0XpGck3wC6M0Q8INlF/Wl2zFD0y0tg==",
      "license": "MIT"
    },
    "node_modules/ssi-server": {
      "version": "0.0.7",
      "resolved": "https://registry.npmjs.org/ssi-server/-/ssi-server-0.0.7.tgz",
      "integrity": "sha512-R3kMyEHzS+MNrdvEvz2E0xNHS0fOesK2sqxparx4lRgJ2QQnYFuyLc8UFtcMv3+TKK4PpsUtRxsRomnTGCEAUA==",
      "dev": true,
      "license": "Apache-2.0"
    }
  }
}
