{
  "name": "blow-dry",
  "version": "0.0.13",
  "lockfileVersion": 3,
  "requires": true,
  "packages": {
    "": {
      "name": "blow-dry",
      "version": "0.0.13",
      "license": "MIT",
      "dependencies": {
        "mount-observer": "0.0.105"
      },
      "devDependencies": {
        "ssi-server": "0.0.7"
      }
    },
    "node_modules/mount-observer": {
      "version": "0.0.105",
      "resolved": "https://registry.npmjs.org/mount-observer/-/mount-observer-0.0.105.tgz",
      "integrity": "sha512-CC50i6eO3wbmjzVvUPcOcyJ7O2wggRiOrC3TO4LGLkJaiJQGWkfr8pX/4rqi+mY2PK96uPjGd1mhAwS1tEEvHQ==",
      "license": "MIT"
    },
    "node_modules/ssi-server": {
      "version": "0.0.7",
      "resolved": "https://registry.npmjs.org/ssi-server/-/ssi-server-0.0.7.tgz",
      "integrity": "sha512-R3kMyEHzS+MNrdvEvz2E0xNHS0fOesK2sqxparx4lRgJ2QQnYFuyLc8UFtcMv3+TKK4PpsUtRxsRomnTGCEAUA==",
      "dev": true,
      "license": "Apache-2.0"
    }
  }
}
