{
  "name": "blow-dry",
  "version": "0.0.11",
  "lockfileVersion": 3,
  "requires": true,
  "packages": {
    "": {
      "name": "blow-dry",
      "version": "0.0.11",
      "license": "MIT",
      "dependencies": {
        "mount-observer": "0.0.87"
      },
      "devDependencies": {
        "ssi-server": "0.0.1"
      }
    },
    "node_modules/mount-observer": {
      "version": "0.0.87",
      "resolved": "https://registry.npmjs.org/mount-observer/-/mount-observer-0.0.87.tgz",
      "integrity": "sha512-2iGOMn5v8hB+yhkMlGzwCHWV9tauxVFbdW210D+YMsYyvlEO5PuSoUbGw5zx8+opL6S0MBmPDsobxOW1xnJDrQ==",
      "license": "MIT"
    },
    "node_modules/ssi-server": {
      "version": "0.0.1",
      "resolved": "https://registry.npmjs.org/ssi-server/-/ssi-server-0.0.1.tgz",
      "integrity": "sha512-HdgGAl+z7O0lq3Bl4cCnj4tKg7mG3rI4srKnaoPTHIzHO4QMMdvP9z6IDRz1fIpgLBMi6b6ZnvbYa2TSPjBhpg==",
      "dev": true,
      "license": "Apache-2.0"
    }
  }
}
